
Microsoft Visual Studio Solution File, Format Version 12.00
# Visual Studio Version 17
VisualStudioVersion = 17.14.36301.6
MinimumVisualStudioVersion = 10.0.40219.1
Project("{F184B08F-C81C-45F6-A57F-5ABD9991F28F}") = "ZoppaTomlLibrary", "ZoppaTomlLibrary\ZoppaTomlLibrary.vbproj", "{008F2343-66DF-4EF7-AB6B-F2314FAFB118}"
EndProject
Project("{F184B08F-C81C-45F6-A57F-5ABD9991F28F}") = "ZoppaTomlTest", "ZoppaTomlTest\ZoppaTomlTest.vbproj", "{91BDC630-234F-44C3-B3A6-A4C9EFB91C9B}"
EndProject
Project("{F184B08F-C81C-45F6-A57F-5ABD9991F28F}") = "ZoppaTomlSample", "ZoppaTomlSample\ZoppaTomlSample.vbproj", "{CBCD5F0C-886C-4A59-808A-D7D19EFDBE67}"
EndProject
Global
	GlobalSection(SolutionConfigurationPlatforms) = preSolution
		Debug|Any CPU = Debug|Any CPU
		Release|Any CPU = Release|Any CPU
	EndGlobalSection
	GlobalSection(ProjectConfigurationPlatforms) = postSolution
		{008F2343-66DF-4EF7-AB6B-F2314FAFB118}.Debug|Any CPU.ActiveCfg = Debug|Any CPU
		{008F2343-66DF-4EF7-AB6B-F2314FAFB118}.Debug|Any CPU.Build.0 = Debug|Any CPU
		{008F2343-66DF-4EF7-AB6B-F2314FAFB118}.Release|Any CPU.ActiveCfg = Release|Any CPU
		{008F2343-66DF-4EF7-AB6B-F2314FAFB118}.Release|Any CPU.Build.0 = Release|Any CPU
		{91BDC630-234F-44C3-B3A6-A4C9EFB91C9B}.Debug|Any CPU.ActiveCfg = Debug|Any CPU
		{91BDC630-234F-44C3-B3A6-A4C9EFB91C9B}.Debug|Any CPU.Build.0 = Debug|Any CPU
		{91BDC630-234F-44C3-B3A6-A4C9EFB91C9B}.Release|Any CPU.ActiveCfg = Release|Any CPU
		{91BDC630-234F-44C3-B3A6-A4C9EFB91C9B}.Release|Any CPU.Build.0 = Release|Any CPU
		{CBCD5F0C-886C-4A59-808A-D7D19EFDBE67}.Debug|Any CPU.ActiveCfg = Debug|Any CPU
		{CBCD5F0C-886C-4A59-808A-D7D19EFDBE67}.Debug|Any CPU.Build.0 = Debug|Any CPU
		{CBCD5F0C-886C-4A59-808A-D7D19EFDBE67}.Release|Any CPU.ActiveCfg = Release|Any CPU
		{CBCD5F0C-886C-4A59-808A-D7D19EFDBE67}.Release|Any CPU.Build.0 = Release|Any CPU
	EndGlobalSection
	GlobalSection(SolutionProperties) = preSolution
		HideSolutionNode = FALSE
	EndGlobalSection
	GlobalSection(ExtensibilityGlobals) = postSolution
		SolutionGuid = {BCB493DF-F0B4-4990-92B5-75B25CE649B8}
	EndGlobalSection
EndGlobal
